
Microsoft Visual Studio Solution File, Format Version 12.00
# Visual Studio Version 16
VisualStudioVersion = 16.0.32106.194
MinimumVisualStudioVersion = 10.0.40219.1
Project("{F184B08F-C81C-45F6-A57F-5ABD9991F28F}") = "VSN Library", "LSN Library\VSN Library.vbproj", "{EA87A4FC-7BD1-4759-9C86-E8E6E3763018}"
EndProject
Global
	GlobalSection(SolutionConfigurationPlatforms) = preSolution
		Debug|Any CPU = Debug|Any CPU
		Release|Any CPU = Release|Any CPU
	EndGlobalSection
	GlobalSection(ProjectConfigurationPlatforms) = postSolution
		{EA87A4FC-7BD1-4759-9C86-E8E6E3763018}.Debug|Any CPU.ActiveCfg = Debug|Any CPU
		{EA87A4FC-7BD1-4759-9C86-E8E6E3763018}.Debug|Any CPU.Build.0 = Debug|Any CPU
		{EA87A4FC-7BD1-4759-9C86-E8E6E3763018}.Release|Any CPU.ActiveCfg = Release|Any CPU
		{EA87A4FC-7BD1-4759-9C86-E8E6E3763018}.Release|Any CPU.Build.0 = Release|Any CPU
	EndGlobalSection
	GlobalSection(SolutionProperties) = preSolution
		HideSolutionNode = FALSE
	EndGlobalSection
	GlobalSection(ExtensibilityGlobals) = postSolution
		SolutionGuid = {401FED3F-7616-4098-A664-B67D47D55E99}
	EndGlobalSection
EndGlobal
